// !$*UTF8*$!
{
	archiveVersion = 1;
	classes = {
	};
	objectVersion = 48;
	objects = {

/* Begin PBXBuildFile section */
		694F61C72030E46300FD6D5E /* AppDelegate.swift in Sources */ = {isa = PBXBuildFile; fileRef = 694F61C62030E46300FD6D5E /* AppDelegate.swift */; };
		694F61C92030E46300FD6D5E /* ViewController.swift in Sources */ = {isa = PBXBuildFile; fileRef = 694F61C82030E46300FD6D5E /* ViewController.swift */; };
		694F61CC2030E46300FD6D5E /* Main.storyboard in Resources */ = {isa = PBXBuildFile; fileRef = 694F61CA2030E46300FD6D5E /* Main.storyboard */; };
		694F61CE2030E46300FD6D5E /* Assets.xcassets in Resources */ = {isa = PBXBuildFile; fileRef = 694F61CD2030E46300FD6D5E /* Assets.xcassets */; };
		694F61D12030E46400FD6D5E /* LaunchScreen.storyboard in Resources */ = {isa = PBXBuildFile; fileRef = 694F61CF2030E46400FD6D5E /* LaunchScreen.storyboard */; };
		694F61DC2030E46400FD6D5E /* LightTests.swift in Sources */ = {isa = PBXBuildFile; fileRef = 694F61DB2030E46400FD6D5E /* LightTests.swift */; };
		694F61E72030E46400FD6D5E /* LightUITests.swift in Sources */ = {isa = PBXBuildFile; fileRef = 694F61E62030E46400FD6D5E /* LightUITests.swift */; };
/* End PBXBuildFile section */

/* Begin PBXContainerItemProxy section */
		694F61D82030E46400FD6D5E /* PBXContainerItemProxy */ = {
			isa = PBXContainerItemProxy;
			containerPortal = 694F61BB2030E46300FD6D5E /* Project object */;
			proxyType = 1;
			remoteGlobalIDString = 694F61C22030E46300FD6D5E;
			remoteInfo = Light;
		};
		694F61E32030E46400FD6D5E /* PBXContainerItemProxy */ = {
			isa = PBXContainerItemProxy;
			containerPortal = 694F61BB2030E46300FD6D5E /* Project object */;
			proxyType = 1;
			remoteGlobalIDString = 694F61C22030E46300FD6D5E;
			remoteInfo = Light;
		};
/* End PBXContainerItemProxy section */

/* Begin PBXFileReference section */
		694F61C32030E46300FD6D5E /* Light.app */ = {isa = PBXFileReference; explicitFileType = wrapper.application; includeInIndex = 0; path = Light.app; sourceTree = BUILT_PRODUCTS_DIR; };
		694F61C62030E46300FD6D5E /* AppDelegate.swift */ = {isa = PBXFileReference; lastKnownFileType = sourcecode.swift; path = AppDelegate.swift; sourceTree = "<group>"; };
		694F61C82030E46300FD6D5E /* ViewController.swift */ = {isa = PBXFileReference; lastKnownFileType = sourcecode.swift; path = ViewController.swift; sourceTree = "<group>"; };
		694F61CB2030E46300FD6D5E /* Base */ = {isa = PBXFileReference; lastKnownFileType = file.storyboard; name = Base; path = Base.lproj/Main.storyboard; sourceTree = "<group>"; };
		694F61CD2030E46300FD6D5E /* Assets.xcassets */ = {isa = PBXFileReference; lastKnownFileType = folder.assetcatalog; path = Assets.xcassets; sourceTree = "<group>"; };
		694F61D02030E46400FD6D5E /* Base */ = {isa = PBXFileReference; lastKnownFileType = file.storyboard; name = Base; path = Base.lproj/LaunchScreen.storyboard; sourceTree = "<group>"; };
		694F61D22030E46400FD6D5E /* Info.plist */ = {isa = PBXFileReference; lastKnownFileType = text.plist.xml; path = Info.plist; sourceTree = "<group>"; };
		694F61D72030E46400FD6D5E /* LightTests.xctest */ = {isa = PBXFileReference; explicitFileType = wrapper.cfbundle; includeInIndex = 0; path = LightTests.xctest; sourceTree = BUILT_PRODUCTS_DIR; };
		694F61DB2030E46400FD6D5E /* LightTests.swift */ = {isa = PBXFileReference; lastKnownFileType = sourcecode.swift; path = LightTests.swift; sourceTree = "<group>"; };
		694F61DD2030E46400FD6D5E /* Info.plist */ = {isa = PBXFileReference; lastKnownFileType = text.plist.xml; path = Info.plist; sourceTree = "<group>"; };
		694F61E22030E46400FD6D5E /* LightUITests.xctest */ = {isa = PBXFileReference; explicitFileType = wrapper.cfbundle; includeInIndex = 0; path = LightUITests.xctest; sourceTree = BUILT_PRODUCTS_DIR; };
		694F61E62030E46400FD6D5E /* LightUITests.swift */ = {isa = PBXFileReference; lastKnownFileType = sourcecode.swift; path = LightUITests.swift; sourceTree = "<group>"; };
		694F61E82030E46400FD6D5E /* Info.plist */ = {isa = PBXFileReference; lastKnownFileType = text.plist.xml; path = Info.plist; sourceTree = "<group>"; };
/* End PBXFileReference section */

/* Begin PBXFrameworksBuildPhase section */
		694F61C02030E46300FD6D5E /* Frameworks */ = {
			isa = PBXFrameworksBuildPhase;
			buildActionMask = 2147483647;
			files = (
			);
			runOnlyForDeploymentPostprocessing = 0;
		};
		694F61D42030E46400FD6D5E /* Frameworks */ = {
			isa = PBXFrameworksBuildPhase;
			buildActionMask = 2147483647;
			files = (
			);
			runOnlyForDeploymentPostprocessing = 0;
		};
		694F61DF2030E46400FD6D5E /* Frameworks */ = {
			isa = PBXFrameworksBuildPhase;
			buildActionMask = 2147483647;
			files = (
			);
			runOnlyForDeploymentPostprocessing = 0;
		};
/* End PBXFrameworksBuildPhase section */

/* Begin PBXGroup section */
		694F61BA2030E46300FD6D5E = {
			isa = PBXGroup;
			children = (
				694F61C52030E46300FD6D5E /* Light */,
				694F61DA2030E46400FD6D5E /* LightTests */,
				694F61E52030E46400FD6D5E /* LightUITests */,
				694F61C42030E46300FD6D5E /* Products */,
			);
			sourceTree = "<group>";
		};
		694F61C42030E46300FD6D5E /* Products */ = {
			isa = PBXGroup;
			children = (
				694F61C32030E46300FD6D5E /* Light.app */,
				694F61D72030E46400FD6D5E /* LightTests.xctest */,
				694F61E22030E46400FD6D5E /* LightUITests.xctest */,
			);
			name = Products;
			sourceTree = "<group>";
		};
		694F61C52030E46300FD6D5E /* Light */ = {
			isa = PBXGroup;
			children = (
				694F61C62030E46300FD6D5E /* AppDelegate.swift */,
				694F61C82030E46300FD6D5E /* ViewController.swift */,
				694F61CA2030E46300FD6D5E /* Main.storyboard */,
				694F61CD2030E46300FD6D5E /* Assets.xcassets */,
				694F61CF2030E46400FD6D5E /* LaunchScreen.storyboard */,
				694F61D22030E46400FD6D5E /* Info.plist */,
			);
			path = Light;
			sourceTree = "<group>";
		};
		694F61DA2030E46400FD6D5E /* LightTests */ = {
			isa = PBXGroup;
			children = (
				694F61DB2030E46400FD6D5E /* LightTests.swift */,
				694F61DD2030E46400FD6D5E /* Info.plist */,
			);
			path = LightTests;
			sourceTree = "<group>";
		};
		694F61E52030E46400FD6D5E /* LightUITests */ = {
			isa = PBXGroup;
			children = (
				694F61E62030E46400FD6D5E /* LightUITests.swift */,
				694F61E82030E46400FD6D5E /* Info.plist */,
			);
			path = LightUITests;
			sourceTree = "<group>";
		};
/* End PBXGroup section */

/* Begin PBXNativeTarget section */
		694F61C22030E46300FD6D5E /* Light */ = {
			isa = PBXNativeTarget;
			buildConfigurationList = 694F61EB2030E46400FD6D5E /* Build configuration list for PBXNativeTarget "Light" */;
			buildPhases = (
				694F61BF2030E46300FD6D5E /* Sources */,
				694F61C02030E46300FD6D5E /* Frameworks */,
				694F61C12030E46300FD6D5E /* Resources */,
			);
			buildRules = (
			);
			dependencies = (
			);
			name = Light;
			productName = Light;
			productReference = 694F61C32030E46300FD6D5E /* Light.app */;
			productType = "com.apple.product-type.application";
		};
		694F61D62030E46400FD6D5E /* LightTests */ = {
			isa = PBXNativeTarget;
			buildConfigurationList = 694F61EE2030E46400FD6D5E /* Build configuration list for PBXNativeTarget "LightTests" */;
			buildPhases = (
				694F61D32030E46400FD6D5E /* Sources */,
				694F61D42030E46400FD6D5E /* Frameworks */,
				694F61D52030E46400FD6D5E /* Resources */,
			);
			buildRules = (
			);
			dependencies = (
				694F61D92030E46400FD6D5E /* PBXTargetDependency */,
			);
			name = LightTests;
			productName = LightTests;
			productReference = 694F61D72030E46400FD6D5E /* LightTests.xctest */;
			productType = "com.apple.product-type.bundle.unit-test";
		};
		694F61E12030E46400FD6D5E /* LightUITests */ = {
			isa = PBXNativeTarget;
			buildConfigurationList = 694F61F12030E46400FD6D5E /* Build configuration list for PBXNativeTarget "LightUITests" */;
			buildPhases = (
				694F61DE2030E46400FD6D5E /* Sources */,
				694F61DF2030E46400FD6D5E /* Frameworks */,
				694F61E02030E46400FD6D5E /* Resources */,
			);
			buildRules = (
			);
			dependencies = (
				694F61E42030E46400FD6D5E /* PBXTargetDependency */,
			);
			name = LightUITests;
			productName = LightUITests;
			productReference = 694F61E22030E46400FD6D5E /* LightUITests.xctest */;
			productType = "com.apple.product-type.bundle.ui-testing";
		};
/* End PBXNativeTarget section */

/* Begin PBXProject section */
		694F61BB2030E46300FD6D5E /* Project object */ = {
			isa = PBXProject;
			attributes = {
				LastSwiftUpdateCheck = 0920;
				LastUpgradeCheck = 0920;
				ORGANIZATIONNAME = "Amber Tijsma";
				TargetAttributes = {
					694F61C22030E46300FD6D5E = {
						CreatedOnToolsVersion = 9.2;
						ProvisioningStyle = Automatic;
					};
					694F61D62030E46400FD6D5E = {
						CreatedOnToolsVersion = 9.2;
						ProvisioningStyle = Automatic;
						TestTargetID = 694F61C22030E46300FD6D5E;
					};
					694F61E12030E46400FD6D5E = {
						CreatedOnToolsVersion = 9.2;
						ProvisioningStyle = Automatic;
						TestTargetID = 694F61C22030E46300FD6D5E;
					};
				};
			};
			buildConfigurationList = 694F61BE2030E46300FD6D5E /* Build configuration list for PBXProject "Light" */;
			compatibilityVersion = "Xcode 8.0";
			developmentRegion = en;
			hasScannedForEncodings = 0;
			knownRegions = (
				en,
				Base,
			);
			mainGroup = 694F61BA2030E46300FD6D5E;
			productRefGroup = 694F61C42030E46300FD6D5E /* Products */;
			projectDirPath = "";
			projectRoot = "";
			targets = (
				694F61C22030E46300FD6D5E /* Light */,
				694F61D62030E46400FD6D5E /* LightTests */,
				694F61E12030E46400FD6D5E /* LightUITests */,
			);
		};
/* End PBXProject section */

/* Begin PBXResourcesBuildPhase section */
		694F61C12030E46300FD6D5E /* Resources */ = {
			isa = PBXResourcesBuildPhase;
			buildActionMask = 2147483647;
			files = (
				694F61D12030E46400FD6D5E /* LaunchScreen.storyboard in Resources */,
				694F61CE2030E46300FD6D5E /* Assets.xcassets in Resources */,
				694F61CC2030E46300FD6D5E /* Main.storyboard in Resources */,
			);
			runOnlyForDeploymentPostprocessing = 0;
		};
		694F61D52030E46400FD6D5E /* Resources */ = {
			isa = PBXResourcesBuildPhase;
			buildActionMask = 2147483647;
			files = (
			);
			runOnlyForDeploymentPostprocessing = 0;
		};
		694F61E02030E46400FD6D5E /* Resources */ = {
			isa = PBXResourcesBuildPhase;
			buildActionMask = 2147483647;
			files = (
			);
			runOnlyForDeploymentPostprocessing = 0;
		};
/* End PBXResourcesBuildPhase section */

/* Begin PBXSourcesBuildPhase section */
		694F61BF2030E46300FD6D5E /* Sources */ = {
			isa = PBXSourcesBuildPhase;
			buildActionMask = 2147483647;
			files = (
				694F61C92030E46300FD6D5E /* ViewController.swift in Sources */,
				694F61C72030E46300FD6D5E /* AppDelegate.swift in Sources */,
			);
			runOnlyForDeploymentPostprocessing = 0;
		};
		694F61D32030E46400FD6D5E /* Sources */ = {
			isa = PBXSourcesBuildPhase;
			buildActionMask = 2147483647;
			files = (
				694F61DC2030E46400FD6D5E /* LightTests.swift in Sources */,
			);
			runOnlyForDeploymentPostprocessing = 0;
		};
		694F61DE2030E46400FD6D5E /* Sources */ = {
			isa = PBXSourcesBuildPhase;
			buildActionMask = 2147483647;
			files = (
				694F61E72030E46400FD6D5E /* LightUITests.swift in Sources */,
			);
			runOnlyForDeploymentPostprocessing = 0;
		};
/* End PBXSourcesBuildPhase section */

/* Begin PBXTargetDependency section */
		694F61D92030E46400FD6D5E /* PBXTargetDependency */ = {
			isa = PBXTargetDependency;
			target = 694F61C22030E46300FD6D5E /* Light */;
			targetProxy = 694F61D82030E46400FD6D5E /* PBXContainerItemProxy */;
		};
		694F61E42030E46400FD6D5E /* PBXTargetDependency */ = {
			isa = PBXTargetDependency;
			target = 694F61C22030E46300FD6D5E /* Light */;
			targetProxy = 694F61E32030E46400FD6D5E /* PBXContainerItemProxy */;
		};
/* End PBXTargetDependency section */

/* Begin PBXVariantGroup section */
		694F61CA2030E46300FD6D5E /* Main.storyboard */ = {
			isa = PBXVariantGroup;
			children = (
				694F61CB2030E46300FD6D5E /* Base */,
			);
			name = Main.storyboard;
			sourceTree = "<group>";
		};
		694F61CF2030E46400FD6D5E /* LaunchScreen.storyboard */ = {
			isa = PBXVariantGroup;
			children = (
				694F61D02030E46400FD6D5E /* Base */,
			);
			name = LaunchScreen.storyboard;
			sourceTree = "<group>";
		};
/* End PBXVariantGroup section */

/* Begin XCBuildConfiguration section */
		694F61E92030E46400FD6D5E /* Debug */ = {
			isa = XCBuildConfiguration;
			buildSettings = {
				ALWAYS_SEARCH_USER_PATHS = NO;
				CLANG_ANALYZER_NONNULL = YES;
				CLANG_ANALYZER_NUMBER_OBJECT_CONVERSION = YES_AGGRESSIVE;
				CLANG_CXX_LANGUAGE_STANDARD = "gnu++14";
				CLANG_CXX_LIBRARY = "libc++";
				CLANG_ENABLE_MODULES = YES;
				CLANG_ENABLE_OBJC_ARC = YES;
				CLANG_WARN_BLOCK_CAPTURE_AUTORELEASING = YES;
				CLANG_WARN_BOOL_CONVERSION = YES;
				CLANG_WARN_COMMA = YES;
				CLANG_WARN_CONSTANT_CONVERSION = YES;
				CLANG_WARN_DIRECT_OBJC_ISA_USAGE = YES_ERROR;
				CLANG_WARN_DOCUMENTATION_COMMENTS = YES;
				CLANG_WARN_EMPTY_BODY = YES;
				CLANG_WARN_ENUM_CONVERSION = YES;
				CLANG_WARN_INFINITE_RECURSION = YES;
				CLANG_WARN_INT_CONVERSION = YES;
				CLANG_WARN_NON_LITERAL_NULL_CONVERSION = YES;
				CLANG_WARN_OBJC_LITERAL_CONVERSION = YES;
				CLANG_WARN_OBJC_ROOT_CLASS = YES_ERROR;
				CLANG_WARN_RANGE_LOOP_ANALYSIS = YES;
				CLANG_WARN_STRICT_PROTOTYPES = YES;
				CLANG_WARN_SUSPICIOUS_MOVE = YES;
				CLANG_WARN_UNGUARDED_AVAILABILITY = YES_AGGRESSIVE;
				CLANG_WARN_UNREACHABLE_CODE = YES;
				CLANG_WARN__DUPLICATE_METHOD_MATCH = YES;
				CODE_SIGN_IDENTITY = "iPhone Developer";
				COPY_PHASE_STRIP = NO;
				DEBUG_INFORMATION_FORMAT = dwarf;
				ENABLE_STRICT_OBJC_MSGSEND = YES;
				ENABLE_TESTABILITY = YES;
				GCC_C_LANGUAGE_STANDARD = gnu11;
				GCC_DYNAMIC_NO_PIC = NO;
				GCC_NO_COMMON_BLOCKS = YES;
				GCC_OPTIMIZATION_LEVEL = 0;
				GCC_PREPROCESSOR_DEFINITIONS = (
					"DEBUG=1",
					"$(inherited)",
				);
				GCC_WARN_64_TO_32_BIT_CONVERSION = YES;
				GCC_WARN_ABOUT_RETURN_TYPE = YES_ERROR;
				GCC_WARN_UNDECLARED_SELECTOR = YES;
				GCC_WARN_UNINITIALIZED_AUTOS = YES_AGGRESSIVE;
				GCC_WARN_UNUSED_FUNCTION = YES;
				GCC_WARN_UNUSED_VARIABLE = YES;
				IPHONEOS_DEPLOYMENT_TARGET = 11.2;
				MTL_ENABLE_DEBUG_INFO = YES;
				ONLY_ACTIVE_ARCH = YES;
				SDKROOT = iphoneos;
				SWIFT_ACTIVE_COMPILATION_CONDITIONS = DEBUG;
				SWIFT_OPTIMIZATION_LEVEL = "-Onone";
			};
			name = Debug;
		};
		694F61EA2030E46400FD6D5E /* Release */ = {
			isa = XCBuildConfiguration;
			buildSettings = {
				ALWAYS_SEARCH_USER_PATHS = NO;
				CLANG_ANALYZER_NONNULL = YES;
				CLANG_ANALYZER_NUMBER_OBJECT_CONVERSION = YES_AGGRESSIVE;
				CLANG_CXX_LANGUAGE_STANDARD = "gnu++14";
				CLANG_CXX_LIBRARY = "libc++";
				CLANG_ENABLE_MODULES = YES;
				CLANG_ENABLE_OBJC_ARC = YES;
				CLANG_WARN_BLOCK_CAPTURE_AUTORELEASING = YES;
				CLANG_WARN_BOOL_CONVERSION = YES;
				CLANG_WARN_COMMA = YES;
				CLANG_WARN_CONSTANT_CONVERSION = YES;
				CLANG_WARN_DIRECT_OBJC_ISA_USAGE = YES_ERROR;
				CLANG_WARN_DOCUMENTATION_COMMENTS = YES;
				CLANG_WARN_EMPTY_BODY = YES;
				CLANG_WARN_ENUM_CONVERSION = YES;
				CLANG_WARN_INFINITE_RECURSION = YES;
				CLANG_WARN_INT_CONVERSION = YES;
				CLANG_WARN_NON_LITERAL_NULL_CONVERSION = YES;
				CLANG_WARN_OBJC_LITERAL_CONVERSION = YES;
				CLANG_WARN_OBJC_ROOT_CLASS = YES_ERROR;
				CLANG_WARN_RANGE_LOOP_ANALYSIS = YES;
				CLANG_WARN_STRICT_PROTOTYPES = YES;
				CLANG_WARN_SUSPICIOUS_MOVE = YES;
				CLANG_WARN_UNGUARDED_AVAILABILITY = YES_AGGRESSIVE;
				CLANG_WARN_UNREACHABLE_CODE = YES;
				CLANG_WARN__DUPLICATE_METHOD_MATCH = YES;
				CODE_SIGN_IDENTITY = "iPhone Developer";
				COPY_PHASE_STRIP = NO;
				DEBUG_INFORMATION_FORMAT = "dwarf-with-dsym";
				ENABLE_NS_ASSERTIONS = NO;
				ENABLE_STRICT_OBJC_MSGSEND = YES;
				GCC_C_LANGUAGE_STANDARD = gnu11;
				GCC_NO_COMMON_BLOCKS = YES;
				GCC_WARN_64_TO_32_BIT_CONVERSION = YES;
				GCC_WARN_ABOUT_RETURN_TYPE = YES_ERROR;
				GCC_WARN_UNDECLARED_SELECTOR = YES;
				GCC_WARN_UNINITIALIZED_AUTOS = YES_AGGRESSIVE;
				GCC_WARN_UNUSED_FUNCTION = YES;
				GCC_WARN_UNUSED_VARIABLE = YES;
				IPHONEOS_DEPLOYMENT_TARGET = 11.2;
				MTL_ENABLE_DEBUG_INFO = NO;
				SDKROOT = iphoneos;
				SWIFT_OPTIMIZATION_LEVEL = "-Owholemodule";
				VALIDATE_PRODUCT = YES;
			};
			name = Release;
		};
		694F61EC2030E46400FD6D5E /* Debug */ = {
			isa = XCBuildConfiguration;
			buildSettings = {
				ASSETCATALOG_COMPILER_APPICON_NAME = AppIcon;
				CODE_SIGN_STYLE = Automatic;
				INFOPLIST_FILE = Light/Info.plist;
				LD_RUNPATH_SEARCH_PATHS = "$(inherited) @executable_path/Frameworks";
				PRODUCT_BUNDLE_IDENTIFIER = xx.Light;
				PRODUCT_NAME = "$(TARGET_NAME)";
				SWIFT_VERSION = 4.0;
				TARGETED_DEVICE_FAMILY = "1,2";
			};
			name = Debug;
		};
		694F61ED2030E46400FD6D5E /* Release */ = {
			isa = XCBuildConfiguration;
			buildSettings = {
				ASSETCATALOG_COMPILER_APPICON_NAME = AppIcon;
				CODE_SIGN_STYLE = Automatic;
				INFOPLIST_FILE = Light/Info.plist;
				LD_RUNPATH_SEARCH_PATHS = "$(inherited) @executable_path/Frameworks";
				PRODUCT_BUNDLE_IDENTIFIER = xx.Light;
				PRODUCT_NAME = "$(TARGET_NAME)";
				SWIFT_VERSION = 4.0;
				TARGETED_DEVICE_FAMILY = "1,2";
			};
			name = Release;
		};
		694F61EF2030E46400FD6D5E /* Debug */ = {
			isa = XCBuildConfiguration;
			buildSettings = {
				ALWAYS_EMBED_SWIFT_STANDARD_LIBRARIES = YES;
				BUNDLE_LOADER = "$(TEST_HOST)";
				CODE_SIGN_STYLE = Automatic;
				INFOPLIST_FILE = LightTests/Info.plist;
				LD_RUNPATH_SEARCH_PATHS = "$(inherited) @executable_path/Frameworks @loader_path/Frameworks";
				PRODUCT_BUNDLE_IDENTIFIER = xx.LightTests;
				PRODUCT_NAME = "$(TARGET_NAME)";
				SWIFT_VERSION = 4.0;
				TARGETED_DEVICE_FAMILY = "1,2";
				TEST_HOST = "$(BUILT_PRODUCTS_DIR)/Light.app/Light";
			};
			name = Debug;
		};
		694F61F02030E46400FD6D5E /* Release */ = {
			isa = XCBuildConfiguration;
			buildSettings = {
				ALWAYS_EMBED_SWIFT_STANDARD_LIBRARIES = YES;
				BUNDLE_LOADER = "$(TEST_HOST)";
				CODE_SIGN_STYLE = Automatic;
				INFOPLIST_FILE = LightTests/Info.plist;
				LD_RUNPATH_SEARCH_PATHS = "$(inherited) @executable_path/Frameworks @loader_path/Frameworks";
				PRODUCT_BUNDLE_IDENTIFIER = xx.LightTests;
				PRODUCT_NAME = "$(TARGET_NAME)";
				SWIFT_VERSION = 4.0;
				TARGETED_DEVICE_FAMILY = "1,2";
				TEST_HOST = "$(BUILT_PRODUCTS_DIR)/Light.app/Light";
			};
			name = Release;
		};
		694F61F22030E46400FD6D5E /* Debug */ = {
			isa = XCBuildConfiguration;
			buildSettings = {
				ALWAYS_EMBED_SWIFT_STANDARD_LIBRARIES = YES;
				CODE_SIGN_STYLE = Automatic;
				INFOPLIST_FILE = LightUITests/Info.plist;
				LD_RUNPATH_SEARCH_PATHS = "$(inherited) @executable_path/Frameworks @loader_path/Frameworks";
				PRODUCT_BUNDLE_IDENTIFIER = xx.LightUITests;
				PRODUCT_NAME = "$(TARGET_NAME)";
				SWIFT_VERSION = 4.0;
				TARGETED_DEVICE_FAMILY = "1,2";
				TEST_TARGET_NAME = Light;
			};
			name = Debug;
		};
		694F61F32030E46400FD6D5E /* Release */ = {
			isa = XCBuildConfiguration;
			buildSettings = {
				ALWAYS_EMBED_SWIFT_STANDARD_LIBRARIES = YES;
				CODE_SIGN_STYLE = Automatic;
				INFOPLIST_FILE = LightUITests/Info.plist;
				LD_RUNPATH_SEARCH_PATHS = "$(inherited) @executable_path/Frameworks @loader_path/Frameworks";
				PRODUCT_BUNDLE_IDENTIFIER = xx.LightUITests;
				PRODUCT_NAME = "$(TARGET_NAME)";
				SWIFT_VERSION = 4.0;
				TARGETED_DEVICE_FAMILY = "1,2";
				TEST_TARGET_NAME = Light;
			};
			name = Release;
		};
/* End XCBuildConfiguration section */

/* Begin XCConfigurationList section */
		694F61BE2030E46300FD6D5E /* Build configuration list for PBXProject "Light" */ = {
			isa = XCConfigurationList;
			buildConfigurations = (
				694F61E92030E46400FD6D5E /* Debug */,
				694F61EA2030E46400FD6D5E /* Release */,
			);
			defaultConfigurationIsVisible = 0;
			defaultConfigurationName = Release;
		};
		694F61EB2030E46400FD6D5E /* Build configuration list for PBXNativeTarget "Light" */ = {
			isa = XCConfigurationList;
			buildConfigurations = (
				694F61EC2030E46400FD6D5E /* Debug */,
				694F61ED2030E46400FD6D5E /* Release */,
			);
			defaultConfigurationIsVisible = 0;
			defaultConfigurationName = Release;
		};
		694F61EE2030E46400FD6D5E /* Build configuration list for PBXNativeTarget "LightTests" */ = {
			isa = XCConfigurationList;
			buildConfigurations = (
				694F61EF2030E46400FD6D5E /* Debug */,
				694F61F02030E46400FD6D5E /* Release */,
			);
			defaultConfigurationIsVisible = 0;
			defaultConfigurationName = Release;
		};
		694F61F12030E46400FD6D5E /* Build configuration list for PBXNativeTarget "LightUITests" */ = {
			isa = XCConfigurationList;
			buildConfigurations = (
				694F61F22030E46400FD6D5E /* Debug */,
				694F61F32030E46400FD6D5E /* Release */,
			);
			defaultConfigurationIsVisible = 0;
			defaultConfigurationName = Release;
		};
/* End XCConfigurationList section */
	};
	rootObject = 694F61BB2030E46300FD6D5E /* Project object */;
}
